
Microsoft Visual Studio Solution File, Format Version 12.00
# Visual Studio Version 17
VisualStudioVersion = 17.4.33213.308
MinimumVisualStudioVersion = 10.0.40219.1
Project("{FAE04EC0-301F-11D3-BF4B-00C04F79EFBC}") = "Week14OOP", "Week14OOP\Week14OOP.csproj", "{EC88B5B9-0103-4AF9-9335-3DFC3B943840}"
EndProject
Global
	GlobalSection(SolutionConfigurationPlatforms) = preSolution
		Debug|Any CPU = Debug|Any CPU
		Release|Any CPU = Release|Any CPU
	EndGlobalSection
	GlobalSection(ProjectConfigurationPlatforms) = postSolution
		{EC88B5B9-0103-4AF9-9335-3DFC3B943840}.Debug|Any CPU.ActiveCfg = Debug|Any CPU
		{EC88B5B9-0103-4AF9-9335-3DFC3B943840}.Debug|Any CPU.Build.0 = Debug|Any CPU
		{EC88B5B9-0103-4AF9-9335-3DFC3B943840}.Release|Any CPU.ActiveCfg = Release|Any CPU
		{EC88B5B9-0103-4AF9-9335-3DFC3B943840}.Release|Any CPU.Build.0 = Release|Any CPU
	EndGlobalSection
	GlobalSection(SolutionProperties) = preSolution
		HideSolutionNode = FALSE
	EndGlobalSection
	GlobalSection(ExtensibilityGlobals) = postSolution
		SolutionGuid = {047A440B-A114-4D25-A67E-65EB33E42468}
	EndGlobalSection
EndGlobal
